// !$*UTF8*$!
{
	archiveVersion = 1;
	classes = {
	};
	objectVersion = 55;
	objects = {

/* Begin PBXBuildFile section */
		67B8691F2811763900770EA7 /* TestTelegrtaphApp.swift in Sources */ = {isa = PBXBuildFile; fileRef = 67B8691E2811763900770EA7 /* TestTelegrtaphApp.swift */; };
		67B869212811763900770EA7 /* ContentView.swift in Sources */ = {isa = PBXBuildFile; fileRef = 67B869202811763900770EA7 /* ContentView.swift */; };
		67B869232811763A00770EA7 /* Assets.xcassets in Resources */ = {isa = PBXBuildFile; fileRef = 67B869222811763A00770EA7 /* Assets.xcassets */; };
		67B869262811763A00770EA7 /* Preview Assets.xcassets in Resources */ = {isa = PBXBuildFile; fileRef = 67B869252811763A00770EA7 /* Preview Assets.xcassets */; };
		67B869302811763A00770EA7 /* TestTelegrtaphTests.swift in Sources */ = {isa = PBXBuildFile; fileRef = 67B8692F2811763A00770EA7 /* TestTelegrtaphTests.swift */; };
		67B8693A2811763A00770EA7 /* TestTelegrtaphUITests.swift in Sources */ = {isa = PBXBuildFile; fileRef = 67B869392811763A00770EA7 /* TestTelegrtaphUITests.swift */; };
		67B8693C2811763A00770EA7 /* TestTelegrtaphUITestsLaunchTests.swift in Sources */ = {isa = PBXBuildFile; fileRef = 67B8693B2811763A00770EA7 /* TestTelegrtaphUITestsLaunchTests.swift */; };
/* End PBXBuildFile section */

/* Begin PBXContainerItemProxy section */
		67B8692C2811763A00770EA7 /* PBXContainerItemProxy */ = {
			isa = PBXContainerItemProxy;
			containerPortal = 67B869132811763900770EA7 /* Project object */;
			proxyType = 1;
			remoteGlobalIDString = 67B8691A2811763900770EA7;
			remoteInfo = TestTelegrtaph;
		};
		67B869362811763A00770EA7 /* PBXContainerItemProxy */ = {
			isa = PBXContainerItemProxy;
			containerPortal = 67B869132811763900770EA7 /* Project object */;
			proxyType = 1;
			remoteGlobalIDString = 67B8691A2811763900770EA7;
			remoteInfo = TestTelegrtaph;
		};
/* End PBXContainerItemProxy section */

/* Begin PBXFileReference section */
		67B8691B2811763900770EA7 /* TestTelegrtaph.app */ = {isa = PBXFileReference; explicitFileType = wrapper.application; includeInIndex = 0; path = TestTelegrtaph.app; sourceTree = BUILT_PRODUCTS_DIR; };
		67B8691E2811763900770EA7 /* TestTelegrtaphApp.swift */ = {isa = PBXFileReference; lastKnownFileType = sourcecode.swift; path = TestTelegrtaphApp.swift; sourceTree = "<group>"; };
		67B869202811763900770EA7 /* ContentView.swift */ = {isa = PBXFileReference; lastKnownFileType = sourcecode.swift; path = ContentView.swift; sourceTree = "<group>"; };
		67B869222811763A00770EA7 /* Assets.xcassets */ = {isa = PBXFileReference; lastKnownFileType = folder.assetcatalog; path = Assets.xcassets; sourceTree = "<group>"; };
		67B869252811763A00770EA7 /* Preview Assets.xcassets */ = {isa = PBXFileReference; lastKnownFileType = folder.assetcatalog; path = "Preview Assets.xcassets"; sourceTree = "<group>"; };
		67B8692B2811763A00770EA7 /* TestTelegrtaphTests.xctest */ = {isa = PBXFileReference; explicitFileType = wrapper.cfbundle; includeInIndex = 0; path = TestTelegrtaphTests.xctest; sourceTree = BUILT_PRODUCTS_DIR; };
		67B8692F2811763A00770EA7 /* TestTelegrtaphTests.swift */ = {isa = PBXFileReference; lastKnownFileType = sourcecode.swift; path = TestTelegrtaphTests.swift; sourceTree = "<group>"; };
		67B869352811763A00770EA7 /* TestTelegrtaphUITests.xctest */ = {isa = PBXFileReference; explicitFileType = wrapper.cfbundle; includeInIndex = 0; path = TestTelegrtaphUITests.xctest; sourceTree = BUILT_PRODUCTS_DIR; };
		67B869392811763A00770EA7 /* TestTelegrtaphUITests.swift */ = {isa = PBXFileReference; lastKnownFileType = sourcecode.swift; path = TestTelegrtaphUITests.swift; sourceTree = "<group>"; };
		67B8693B2811763A00770EA7 /* TestTelegrtaphUITestsLaunchTests.swift */ = {isa = PBXFileReference; lastKnownFileType = sourcecode.swift; path = TestTelegrtaphUITestsLaunchTests.swift; sourceTree = "<group>"; };
/* End PBXFileReference section */

/* Begin PBXFrameworksBuildPhase section */
		67B869182811763900770EA7 /* Frameworks */ = {
			isa = PBXFrameworksBuildPhase;
			buildActionMask = 2147483647;
			files = (
			);
			runOnlyForDeploymentPostprocessing = 0;
		};
		67B869282811763A00770EA7 /* Frameworks */ = {
			isa = PBXFrameworksBuildPhase;
			buildActionMask = 2147483647;
			files = (
			);
			runOnlyForDeploymentPostprocessing = 0;
		};
		67B869322811763A00770EA7 /* Frameworks */ = {
			isa = PBXFrameworksBuildPhase;
			buildActionMask = 2147483647;
			files = (
			);
			runOnlyForDeploymentPostprocessing = 0;
		};
/* End PBXFrameworksBuildPhase section */

/* Begin PBXGroup section */
		67B869122811763900770EA7 = {
			isa = PBXGroup;
			children = (
				67B8691D2811763900770EA7 /* TestTelegrtaph */,
				67B8692E2811763A00770EA7 /* TestTelegrtaphTests */,
				67B869382811763A00770EA7 /* TestTelegrtaphUITests */,
				67B8691C2811763900770EA7 /* Products */,
			);
			sourceTree = "<group>";
		};
		67B8691C2811763900770EA7 /* Products */ = {
			isa = PBXGroup;
			children = (
				67B8691B2811763900770EA7 /* TestTelegrtaph.app */,
				67B8692B2811763A00770EA7 /* TestTelegrtaphTests.xctest */,
				67B869352811763A00770EA7 /* TestTelegrtaphUITests.xctest */,
			);
			name = Products;
			sourceTree = "<group>";
		};
		67B8691D2811763900770EA7 /* TestTelegrtaph */ = {
			isa = PBXGroup;
			children = (
				67B8691E2811763900770EA7 /* TestTelegrtaphApp.swift */,
				67B869202811763900770EA7 /* ContentView.swift */,
				67B869222811763A00770EA7 /* Assets.xcassets */,
				67B869242811763A00770EA7 /* Preview Content */,
			);
			path = TestTelegrtaph;
			sourceTree = "<group>";
		};
		67B869242811763A00770EA7 /* Preview Content */ = {
			isa = PBXGroup;
			children = (
				67B869252811763A00770EA7 /* Preview Assets.xcassets */,
			);
			path = "Preview Content";
			sourceTree = "<group>";
		};
		67B8692E2811763A00770EA7 /* TestTelegrtaphTests */ = {
			isa = PBXGroup;
			children = (
				67B8692F2811763A00770EA7 /* TestTelegrtaphTests.swift */,
			);
			path = TestTelegrtaphTests;
			sourceTree = "<group>";
		};
		67B869382811763A00770EA7 /* TestTelegrtaphUITests */ = {
			isa = PBXGroup;
			children = (
				67B869392811763A00770EA7 /* TestTelegrtaphUITests.swift */,
				67B8693B2811763A00770EA7 /* TestTelegrtaphUITestsLaunchTests.swift */,
			);
			path = TestTelegrtaphUITests;
			sourceTree = "<group>";
		};
/* End PBXGroup section */

/* Begin PBXNativeTarget section */
		67B8691A2811763900770EA7 /* TestTelegrtaph */ = {
			isa = PBXNativeTarget;
			buildConfigurationList = 67B8693F2811763A00770EA7 /* Build configuration list for PBXNativeTarget "TestTelegrtaph" */;
			buildPhases = (
				67B869172811763900770EA7 /* Sources */,
				67B869182811763900770EA7 /* Frameworks */,
				67B869192811763900770EA7 /* Resources */,
			);
			buildRules = (
			);
			dependencies = (
			);
			name = TestTelegrtaph;
			productName = TestTelegrtaph;
			productReference = 67B8691B2811763900770EA7 /* TestTelegrtaph.app */;
			productType = "com.apple.product-type.application";
		};
		67B8692A2811763A00770EA7 /* TestTelegrtaphTests */ = {
			isa = PBXNativeTarget;
			buildConfigurationList = 67B869422811763A00770EA7 /* Build configuration list for PBXNativeTarget "TestTelegrtaphTests" */;
			buildPhases = (
				67B869272811763A00770EA7 /* Sources */,
				67B869282811763A00770EA7 /* Frameworks */,
				67B869292811763A00770EA7 /* Resources */,
			);
			buildRules = (
			);
			dependencies = (
				67B8692D2811763A00770EA7 /* PBXTargetDependency */,
			);
			name = TestTelegrtaphTests;
			productName = TestTelegrtaphTests;
			productReference = 67B8692B2811763A00770EA7 /* TestTelegrtaphTests.xctest */;
			productType = "com.apple.product-type.bundle.unit-test";
		};
		67B869342811763A00770EA7 /* TestTelegrtaphUITests */ = {
			isa = PBXNativeTarget;
			buildConfigurationList = 67B869452811763A00770EA7 /* Build configuration list for PBXNativeTarget "TestTelegrtaphUITests" */;
			buildPhases = (
				67B869312811763A00770EA7 /* Sources */,
				67B869322811763A00770EA7 /* Frameworks */,
				67B869332811763A00770EA7 /* Resources */,
			);
			buildRules = (
			);
			dependencies = (
				67B869372811763A00770EA7 /* PBXTargetDependency */,
			);
			name = TestTelegrtaphUITests;
			productName = TestTelegrtaphUITests;
			productReference = 67B869352811763A00770EA7 /* TestTelegrtaphUITests.xctest */;
			productType = "com.apple.product-type.bundle.ui-testing";
		};
/* End PBXNativeTarget section */

/* Begin PBXProject section */
		67B869132811763900770EA7 /* Project object */ = {
			isa = PBXProject;
			attributes = {
				BuildIndependentTargetsInParallel = 1;
				LastSwiftUpdateCheck = 1330;
				LastUpgradeCheck = 1330;
				TargetAttributes = {
					67B8691A2811763900770EA7 = {
						CreatedOnToolsVersion = 13.3.1;
					};
					67B8692A2811763A00770EA7 = {
						CreatedOnToolsVersion = 13.3.1;
						TestTargetID = 67B8691A2811763900770EA7;
					};
					67B869342811763A00770EA7 = {
						CreatedOnToolsVersion = 13.3.1;
						TestTargetID = 67B8691A2811763900770EA7;
					};
				};
			};
			buildConfigurationList = 67B869162811763900770EA7 /* Build configuration list for PBXProject "TestTelegrtaph" */;
			compatibilityVersion = "Xcode 13.0";
			developmentRegion = en;
			hasScannedForEncodings = 0;
			knownRegions = (
				en,
				Base,
			);
			mainGroup = 67B869122811763900770EA7;
			productRefGroup = 67B8691C2811763900770EA7 /* Products */;
			projectDirPath = "";
			projectRoot = "";
			targets = (
				67B8691A2811763900770EA7 /* TestTelegrtaph */,
				67B8692A2811763A00770EA7 /* TestTelegrtaphTests */,
				67B869342811763A00770EA7 /* TestTelegrtaphUITests */,
			);
		};
/* End PBXProject section */

/* Begin PBXResourcesBuildPhase section */
		67B869192811763900770EA7 /* Resources */ = {
			isa = PBXResourcesBuildPhase;
			buildActionMask = 2147483647;
			files = (
				67B869262811763A00770EA7 /* Preview Assets.xcassets in Resources */,
				67B869232811763A00770EA7 /* Assets.xcassets in Resources */,
			);
			runOnlyForDeploymentPostprocessing = 0;
		};
		67B869292811763A00770EA7 /* Resources */ = {
			isa = PBXResourcesBuildPhase;
			buildActionMask = 2147483647;
			files = (
			);
			runOnlyForDeploymentPostprocessing = 0;
		};
		67B869332811763A00770EA7 /* Resources */ = {
			isa = PBXResourcesBuildPhase;
			buildActionMask = 2147483647;
			files = (
			);
			runOnlyForDeploymentPostprocessing = 0;
		};
/* End PBXResourcesBuildPhase section */

/* Begin PBXSourcesBuildPhase section */
		67B869172811763900770EA7 /* Sources */ = {
			isa = PBXSourcesBuildPhase;
			buildActionMask = 2147483647;
			files = (
				67B869212811763900770EA7 /* ContentView.swift in Sources */,
				67B8691F2811763900770EA7 /* TestTelegrtaphApp.swift in Sources */,
			);
			runOnlyForDeploymentPostprocessing = 0;
		};
		67B869272811763A00770EA7 /* Sources */ = {
			isa = PBXSourcesBuildPhase;
			buildActionMask = 2147483647;
			files = (
				67B869302811763A00770EA7 /* TestTelegrtaphTests.swift in Sources */,
			);
			runOnlyForDeploymentPostprocessing = 0;
		};
		67B869312811763A00770EA7 /* Sources */ = {
			isa = PBXSourcesBuildPhase;
			buildActionMask = 2147483647;
			files = (
				67B8693C2811763A00770EA7 /* TestTelegrtaphUITestsLaunchTests.swift in Sources */,
				67B8693A2811763A00770EA7 /* TestTelegrtaphUITests.swift in Sources */,
			);
			runOnlyForDeploymentPostprocessing = 0;
		};
/* End PBXSourcesBuildPhase section */

/* Begin PBXTargetDependency section */
		67B8692D2811763A00770EA7 /* PBXTargetDependency */ = {
			isa = PBXTargetDependency;
			target = 67B8691A2811763900770EA7 /* TestTelegrtaph */;
			targetProxy = 67B8692C2811763A00770EA7 /* PBXContainerItemProxy */;
		};
		67B869372811763A00770EA7 /* PBXTargetDependency */ = {
			isa = PBXTargetDependency;
			target = 67B8691A2811763900770EA7 /* TestTelegrtaph */;
			targetProxy = 67B869362811763A00770EA7 /* PBXContainerItemProxy */;
		};
/* End PBXTargetDependency section */

/* Begin XCBuildConfiguration section */
		67B8693D2811763A00770EA7 /* Debug */ = {
			isa = XCBuildConfiguration;
			buildSettings = {
				ALWAYS_SEARCH_USER_PATHS = NO;
				CLANG_ANALYZER_NONNULL = YES;
				CLANG_ANALYZER_NUMBER_OBJECT_CONVERSION = YES_AGGRESSIVE;
				CLANG_CXX_LANGUAGE_STANDARD = "gnu++17";
				CLANG_ENABLE_MODULES = YES;
				CLANG_ENABLE_OBJC_ARC = YES;
				CLANG_ENABLE_OBJC_WEAK = YES;
				CLANG_WARN_BLOCK_CAPTURE_AUTORELEASING = YES;
				CLANG_WARN_BOOL_CONVERSION = YES;
				CLANG_WARN_COMMA = YES;
				CLANG_WARN_CONSTANT_CONVERSION = YES;
				CLANG_WARN_DEPRECATED_OBJC_IMPLEMENTATIONS = YES;
				CLANG_WARN_DIRECT_OBJC_ISA_USAGE = YES_ERROR;
				CLANG_WARN_DOCUMENTATION_COMMENTS = YES;
				CLANG_WARN_EMPTY_BODY = YES;
				CLANG_WARN_ENUM_CONVERSION = YES;
				CLANG_WARN_INFINITE_RECURSION = YES;
				CLANG_WARN_INT_CONVERSION = YES;
				CLANG_WARN_NON_LITERAL_NULL_CONVERSION = YES;
				CLANG_WARN_OBJC_IMPLICIT_RETAIN_SELF = YES;
				CLANG_WARN_OBJC_LITERAL_CONVERSION = YES;
				CLANG_WARN_OBJC_ROOT_CLASS = YES_ERROR;
				CLANG_WARN_QUOTED_INCLUDE_IN_FRAMEWORK_HEADER = YES;
				CLANG_WARN_RANGE_LOOP_ANALYSIS = YES;
				CLANG_WARN_STRICT_PROTOTYPES = YES;
				CLANG_WARN_SUSPICIOUS_MOVE = YES;
				CLANG_WARN_UNGUARDED_AVAILABILITY = YES_AGGRESSIVE;
				CLANG_WARN_UNREACHABLE_CODE = YES;
				CLANG_WARN__DUPLICATE_METHOD_MATCH = YES;
				COPY_PHASE_STRIP = NO;
				DEBUG_INFORMATION_FORMAT = dwarf;
				ENABLE_STRICT_OBJC_MSGSEND = YES;
				ENABLE_TESTABILITY = YES;
				GCC_C_LANGUAGE_STANDARD = gnu11;
				GCC_DYNAMIC_NO_PIC = NO;
				GCC_NO_COMMON_BLOCKS = YES;
				GCC_OPTIMIZATION_LEVEL = 0;
				GCC_PREPROCESSOR_DEFINITIONS = (
					"DEBUG=1",
					"$(inherited)",
				);
				GCC_WARN_64_TO_32_BIT_CONVERSION = YES;
				GCC_WARN_ABOUT_RETURN_TYPE = YES_ERROR;
				GCC_WARN_UNDECLARED_SELECTOR = YES;
				GCC_WARN_UNINITIALIZED_AUTOS = YES_AGGRESSIVE;
				GCC_WARN_UNUSED_FUNCTION = YES;
				GCC_WARN_UNUSED_VARIABLE = YES;
				IPHONEOS_DEPLOYMENT_TARGET = 15.4;
				MTL_ENABLE_DEBUG_INFO = INCLUDE_SOURCE;
				MTL_FAST_MATH = YES;
				ONLY_ACTIVE_ARCH = YES;
				SDKROOT = iphoneos;
				SWIFT_ACTIVE_COMPILATION_CONDITIONS = DEBUG;
				SWIFT_OPTIMIZATION_LEVEL = "-Onone";
			};
			name = Debug;
		};
		67B8693E2811763A00770EA7 /* Release */ = {
			isa = XCBuildConfiguration;
			buildSettings = {
				ALWAYS_SEARCH_USER_PATHS = NO;
				CLANG_ANALYZER_NONNULL = YES;
				CLANG_ANALYZER_NUMBER_OBJECT_CONVERSION = YES_AGGRESSIVE;
				CLANG_CXX_LANGUAGE_STANDARD = "gnu++17";
				CLANG_ENABLE_MODULES = YES;
				CLANG_ENABLE_OBJC_ARC = YES;
				CLANG_ENABLE_OBJC_WEAK = YES;
				CLANG_WARN_BLOCK_CAPTURE_AUTORELEASING = YES;
				CLANG_WARN_BOOL_CONVERSION = YES;
				CLANG_WARN_COMMA = YES;
				CLANG_WARN_CONSTANT_CONVERSION = YES;
				CLANG_WARN_DEPRECATED_OBJC_IMPLEMENTATIONS = YES;
				CLANG_WARN_DIRECT_OBJC_ISA_USAGE = YES_ERROR;
				CLANG_WARN_DOCUMENTATION_COMMENTS = YES;
				CLANG_WARN_EMPTY_BODY = YES;
				CLANG_WARN_ENUM_CONVERSION = YES;
				CLANG_WARN_INFINITE_RECURSION = YES;
				CLANG_WARN_INT_CONVERSION = YES;
				CLANG_WARN_NON_LITERAL_NULL_CONVERSION = YES;
				CLANG_WARN_OBJC_IMPLICIT_RETAIN_SELF = YES;
				CLANG_WARN_OBJC_LITERAL_CONVERSION = YES;
				CLANG_WARN_OBJC_ROOT_CLASS = YES_ERROR;
				CLANG_WARN_QUOTED_INCLUDE_IN_FRAMEWORK_HEADER = YES;
				CLANG_WARN_RANGE_LOOP_ANALYSIS = YES;
				CLANG_WARN_STRICT_PROTOTYPES = YES;
				CLANG_WARN_SUSPICIOUS_MOVE = YES;
				CLANG_WARN_UNGUARDED_AVAILABILITY = YES_AGGRESSIVE;
				CLANG_WARN_UNREACHABLE_CODE = YES;
				CLANG_WARN__DUPLICATE_METHOD_MATCH = YES;
				COPY_PHASE_STRIP = NO;
				DEBUG_INFORMATION_FORMAT = "dwarf-with-dsym";
				ENABLE_NS_ASSERTIONS = NO;
				ENABLE_STRICT_OBJC_MSGSEND = YES;
				GCC_C_LANGUAGE_STANDARD = gnu11;
				GCC_NO_COMMON_BLOCKS = YES;
				GCC_WARN_64_TO_32_BIT_CONVERSION = YES;
				GCC_WARN_ABOUT_RETURN_TYPE = YES_ERROR;
				GCC_WARN_UNDECLARED_SELECTOR = YES;
				GCC_WARN_UNINITIALIZED_AUTOS = YES_AGGRESSIVE;
				GCC_WARN_UNUSED_FUNCTION = YES;
				GCC_WARN_UNUSED_VARIABLE = YES;
				IPHONEOS_DEPLOYMENT_TARGET = 15.4;
				MTL_ENABLE_DEBUG_INFO = NO;
				MTL_FAST_MATH = YES;
				SDKROOT = iphoneos;
				SWIFT_COMPILATION_MODE = wholemodule;
				SWIFT_OPTIMIZATION_LEVEL = "-O";
				VALIDATE_PRODUCT = YES;
			};
			name = Release;
		};
		67B869402811763A00770EA7 /* Debug */ = {
			isa = XCBuildConfiguration;
			buildSettings = {
				ASSETCATALOG_COMPILER_APPICON_NAME = AppIcon;
				ASSETCATALOG_COMPILER_GLOBAL_ACCENT_COLOR_NAME = AccentColor;
				CODE_SIGN_STYLE = Automatic;
				CURRENT_PROJECT_VERSION = 1;
				DEVELOPMENT_ASSET_PATHS = "\"TestTelegrtaph/Preview Content\"";
				ENABLE_PREVIEWS = YES;
				GENERATE_INFOPLIST_FILE = YES;
				INFOPLIST_KEY_UIApplicationSceneManifest_Generation = YES;
				INFOPLIST_KEY_UIApplicationSupportsIndirectInputEvents = YES;
				INFOPLIST_KEY_UILaunchScreen_Generation = YES;
				INFOPLIST_KEY_UISupportedInterfaceOrientations_iPad = "UIInterfaceOrientationPortrait UIInterfaceOrientationPortraitUpsideDown UIInterfaceOrientationLandscapeLeft UIInterfaceOrientationLandscapeRight";
				INFOPLIST_KEY_UISupportedInterfaceOrientations_iPhone = "UIInterfaceOrientationPortrait UIInterfaceOrientationLandscapeLeft UIInterfaceOrientationLandscapeRight";
				LD_RUNPATH_SEARCH_PATHS = (
					"$(inherited)",
					"@executable_path/Frameworks",
				);
				MARKETING_VERSION = 1.0;
				PRODUCT_BUNDLE_IDENTIFIER = com.upo.ooo.TestTelegrtaph;
				PRODUCT_NAME = "$(TARGET_NAME)";
				SWIFT_EMIT_LOC_STRINGS = YES;
				SWIFT_VERSION = 5.0;
				TARGETED_DEVICE_FAMILY = "1,2";
			};
			name = Debug;
		};
		67B869412811763A00770EA7 /* Release */ = {
			isa = XCBuildConfiguration;
			buildSettings = {
				ASSETCATALOG_COMPILER_APPICON_NAME = AppIcon;
				ASSETCATALOG_COMPILER_GLOBAL_ACCENT_COLOR_NAME = AccentColor;
				CODE_SIGN_STYLE = Automatic;
				CURRENT_PROJECT_VERSION = 1;
				DEVELOPMENT_ASSET_PATHS = "\"TestTelegrtaph/Preview Content\"";
				ENABLE_PREVIEWS = YES;
				GENERATE_INFOPLIST_FILE = YES;
				INFOPLIST_KEY_UIApplicationSceneManifest_Generation = YES;
				INFOPLIST_KEY_UIApplicationSupportsIndirectInputEvents = YES;
				INFOPLIST_KEY_UILaunchScreen_Generation = YES;
				INFOPLIST_KEY_UISupportedInterfaceOrientations_iPad = "UIInterfaceOrientationPortrait UIInterfaceOrientationPortraitUpsideDown UIInterfaceOrientationLandscapeLeft UIInterfaceOrientationLandscapeRight";
				INFOPLIST_KEY_UISupportedInterfaceOrientations_iPhone = "UIInterfaceOrientationPortrait UIInterfaceOrientationLandscapeLeft UIInterfaceOrientationLandscapeRight";
				LD_RUNPATH_SEARCH_PATHS = (
					"$(inherited)",
					"@executable_path/Frameworks",
				);
				MARKETING_VERSION = 1.0;
				PRODUCT_BUNDLE_IDENTIFIER = com.upo.ooo.TestTelegrtaph;
				PRODUCT_NAME = "$(TARGET_NAME)";
				SWIFT_EMIT_LOC_STRINGS = YES;
				SWIFT_VERSION = 5.0;
				TARGETED_DEVICE_FAMILY = "1,2";
			};
			name = Release;
		};
		67B869432811763A00770EA7 /* Debug */ = {
			isa = XCBuildConfiguration;
			buildSettings = {
				ALWAYS_EMBED_SWIFT_STANDARD_LIBRARIES = YES;
				BUNDLE_LOADER = "$(TEST_HOST)";
				CODE_SIGN_STYLE = Automatic;
				CURRENT_PROJECT_VERSION = 1;
				GENERATE_INFOPLIST_FILE = YES;
				IPHONEOS_DEPLOYMENT_TARGET = 15.4;
				MARKETING_VERSION = 1.0;
				PRODUCT_BUNDLE_IDENTIFIER = com.upo.ooo.TestTelegrtaphTests;
				PRODUCT_NAME = "$(TARGET_NAME)";
				SWIFT_EMIT_LOC_STRINGS = NO;
				SWIFT_VERSION = 5.0;
				TARGETED_DEVICE_FAMILY = "1,2";
				TEST_HOST = "$(BUILT_PRODUCTS_DIR)/TestTelegrtaph.app/TestTelegrtaph";
			};
			name = Debug;
		};
		67B869442811763A00770EA7 /* Release */ = {
			isa = XCBuildConfiguration;
			buildSettings = {
				ALWAYS_EMBED_SWIFT_STANDARD_LIBRARIES = YES;
				BUNDLE_LOADER = "$(TEST_HOST)";
				CODE_SIGN_STYLE = Automatic;
				CURRENT_PROJECT_VERSION = 1;
				GENERATE_INFOPLIST_FILE = YES;
				IPHONEOS_DEPLOYMENT_TARGET = 15.4;
				MARKETING_VERSION = 1.0;
				PRODUCT_BUNDLE_IDENTIFIER = com.upo.ooo.TestTelegrtaphTests;
				PRODUCT_NAME = "$(TARGET_NAME)";
				SWIFT_EMIT_LOC_STRINGS = NO;
				SWIFT_VERSION = 5.0;
				TARGETED_DEVICE_FAMILY = "1,2";
				TEST_HOST = "$(BUILT_PRODUCTS_DIR)/TestTelegrtaph.app/TestTelegrtaph";
			};
			name = Release;
		};
		67B869462811763A00770EA7 /* Debug */ = {
			isa = XCBuildConfiguration;
			buildSettings = {
				ALWAYS_EMBED_SWIFT_STANDARD_LIBRARIES = YES;
				CODE_SIGN_STYLE = Automatic;
				CURRENT_PROJECT_VERSION = 1;
				GENERATE_INFOPLIST_FILE = YES;
				MARKETING_VERSION = 1.0;
				PRODUCT_BUNDLE_IDENTIFIER = com.upo.ooo.TestTelegrtaphUITests;
				PRODUCT_NAME = "$(TARGET_NAME)";
				SWIFT_EMIT_LOC_STRINGS = NO;
				SWIFT_VERSION = 5.0;
				TARGETED_DEVICE_FAMILY = "1,2";
				TEST_TARGET_NAME = TestTelegrtaph;
			};
			name = Debug;
		};
		67B869472811763A00770EA7 /* Release */ = {
			isa = XCBuildConfiguration;
			buildSettings = {
				ALWAYS_EMBED_SWIFT_STANDARD_LIBRARIES = YES;
				CODE_SIGN_STYLE = Automatic;
				CURRENT_PROJECT_VERSION = 1;
				GENERATE_INFOPLIST_FILE = YES;
				MARKETING_VERSION = 1.0;
				PRODUCT_BUNDLE_IDENTIFIER = com.upo.ooo.TestTelegrtaphUITests;
				PRODUCT_NAME = "$(TARGET_NAME)";
				SWIFT_EMIT_LOC_STRINGS = NO;
				SWIFT_VERSION = 5.0;
				TARGETED_DEVICE_FAMILY = "1,2";
				TEST_TARGET_NAME = TestTelegrtaph;
			};
			name = Release;
		};
/* End XCBuildConfiguration section */

/* Begin XCConfigurationList section */
		67B869162811763900770EA7 /* Build configuration list for PBXProject "TestTelegrtaph" */ = {
			isa = XCConfigurationList;
			buildConfigurations = (
				67B8693D2811763A00770EA7 /* Debug */,
				67B8693E2811763A00770EA7 /* Release */,
			);
			defaultConfigurationIsVisible = 0;
			defaultConfigurationName = Release;
		};
		67B8693F2811763A00770EA7 /* Build configuration list for PBXNativeTarget "TestTelegrtaph" */ = {
			isa = XCConfigurationList;
			buildConfigurations = (
				67B869402811763A00770EA7 /* Debug */,
				67B869412811763A00770EA7 /* Release */,
			);
			defaultConfigurationIsVisible = 0;
			defaultConfigurationName = Release;
		};
		67B869422811763A00770EA7 /* Build configuration list for PBXNativeTarget "TestTelegrtaphTests" */ = {
			isa = XCConfigurationList;
			buildConfigurations = (
				67B869432811763A00770EA7 /* Debug */,
				67B869442811763A00770EA7 /* Release */,
			);
			defaultConfigurationIsVisible = 0;
			defaultConfigurationName = Release;
		};
		67B869452811763A00770EA7 /* Build configuration list for PBXNativeTarget "TestTelegrtaphUITests" */ = {
			isa = XCConfigurationList;
			buildConfigurations = (
				67B869462811763A00770EA7 /* Debug */,
				67B869472811763A00770EA7 /* Release */,
			);
			defaultConfigurationIsVisible = 0;
			defaultConfigurationName = Release;
		};
/* End XCConfigurationList section */
	};
	rootObject = 67B869132811763900770EA7 /* Project object */;
}
